
Microsoft Visual Studio Solution File, Format Version 12.00
# Visual Studio Express 2013 for Windows Desktop
VisualStudioVersion = 12.0.30723.0
MinimumVisualStudioVersion = 10.0.40219.1
Project("{FAE04EC0-301F-11D3-BF4B-00C04F79EFBC}") = "didactic-palm-tree", "didactic-palm-tree\didactic-palm-tree.csproj", "{B8F34C7B-519D-4656-82A8-6B216978AA7B}"
EndProject
Project("{FAE04EC0-301F-11D3-BF4B-00C04F79EFBC}") = "UnitTests", "UnitTests\UnitTests.csproj", "{9871688D-9413-45F8-9F15-F3466C5E654A}"
EndProject
Project("{FAE04EC0-301F-11D3-BF4B-00C04F79EFBC}") = "DiagramDesigner", "..\..\DiagramDesignerMVVM\DiagramDesignerMVVM\DiagramDesigner\DiagramDesigner.csproj", "{74872A86-6809-476B-95AB-6F3512317059}"
EndProject
Global
	GlobalSection(SolutionConfigurationPlatforms) = preSolution
		Debug|Any CPU = Debug|Any CPU
		Release|Any CPU = Release|Any CPU
	EndGlobalSection
	GlobalSection(ProjectConfigurationPlatforms) = postSolution
		{B8F34C7B-519D-4656-82A8-6B216978AA7B}.Debug|Any CPU.ActiveCfg = Debug|Any CPU
		{B8F34C7B-519D-4656-82A8-6B216978AA7B}.Debug|Any CPU.Build.0 = Debug|Any CPU
		{B8F34C7B-519D-4656-82A8-6B216978AA7B}.Release|Any CPU.ActiveCfg = Release|Any CPU
		{B8F34C7B-519D-4656-82A8-6B216978AA7B}.Release|Any CPU.Build.0 = Release|Any CPU
		{9871688D-9413-45F8-9F15-F3466C5E654A}.Debug|Any CPU.ActiveCfg = Debug|Any CPU
		{9871688D-9413-45F8-9F15-F3466C5E654A}.Debug|Any CPU.Build.0 = Debug|Any CPU
		{9871688D-9413-45F8-9F15-F3466C5E654A}.Release|Any CPU.ActiveCfg = Release|Any CPU
		{9871688D-9413-45F8-9F15-F3466C5E654A}.Release|Any CPU.Build.0 = Release|Any CPU
		{74872A86-6809-476B-95AB-6F3512317059}.Debug|Any CPU.ActiveCfg = Debug|Any CPU
		{74872A86-6809-476B-95AB-6F3512317059}.Debug|Any CPU.Build.0 = Debug|Any CPU
		{74872A86-6809-476B-95AB-6F3512317059}.Release|Any CPU.ActiveCfg = Release|Any CPU
		{74872A86-6809-476B-95AB-6F3512317059}.Release|Any CPU.Build.0 = Release|Any CPU
	EndGlobalSection
	GlobalSection(SolutionProperties) = preSolution
		HideSolutionNode = FALSE
	EndGlobalSection
EndGlobal
